
Microsoft Visual Studio Solution File, Format Version 12.00
# Visual Studio 15
VisualStudioVersion = 15.0.28307.1000
MinimumVisualStudioVersion = 10.0.40219.1
Project("{FAE04EC0-301F-11D3-BF4B-00C04F79EFBC}") = "ChM1", "ChM1\ChM1.csproj", "{4A0A9A6C-5869-4A4A-95A3-EEEBB54357DD}"
EndProject
Global
	GlobalSection(SolutionConfigurationPlatforms) = preSolution
		Debug|Any CPU = Debug|Any CPU
		Release|Any CPU = Release|Any CPU
	EndGlobalSection
	GlobalSection(ProjectConfigurationPlatforms) = postSolution
		{4A0A9A6C-5869-4A4A-95A3-EEEBB54357DD}.Debug|Any CPU.ActiveCfg = Debug|Any CPU
		{4A0A9A6C-5869-4A4A-95A3-EEEBB54357DD}.Debug|Any CPU.Build.0 = Debug|Any CPU
		{4A0A9A6C-5869-4A4A-95A3-EEEBB54357DD}.Release|Any CPU.ActiveCfg = Release|Any CPU
		{4A0A9A6C-5869-4A4A-95A3-EEEBB54357DD}.Release|Any CPU.Build.0 = Release|Any CPU
	EndGlobalSection
	GlobalSection(SolutionProperties) = preSolution
		HideSolutionNode = FALSE
	EndGlobalSection
	GlobalSection(ExtensibilityGlobals) = postSolution
		SolutionGuid = {3DDD7109-F32B-4AF3-AACF-5A3387845DE8}
	EndGlobalSection
EndGlobal
